
Microsoft Visual Studio Solution File, Format Version 12.00
# Visual Studio 15
VisualStudioVersion = 15.0.28010.2016
MinimumVisualStudioVersion = 10.0.40219.1
Project("{FAE04EC0-301F-11D3-BF4B-00C04F79EFBC}") = "Exemplo1", "Exemplo1\Exemplo1.csproj", "{90C42A33-64CD-4AE7-95E1-F82D80E4EB9B}"
EndProject
Project("{FAE04EC0-301F-11D3-BF4B-00C04F79EFBC}") = "Exemplo2", "Exemplo2\Exemplo2.csproj", "{C8A07B18-FAF9-4048-9EDD-AAB89EE1081B}"
EndProject
Project("{FAE04EC0-301F-11D3-BF4B-00C04F79EFBC}") = "Exemplo3", "Exemplo3\Exemplo3.csproj", "{E16335F7-28FD-497E-93D9-6332A16483BB}"
EndProject
Global
	GlobalSection(SolutionConfigurationPlatforms) = preSolution
		Debug|Any CPU = Debug|Any CPU
		Release|Any CPU = Release|Any CPU
	EndGlobalSection
	GlobalSection(ProjectConfigurationPlatforms) = postSolution
		{90C42A33-64CD-4AE7-95E1-F82D80E4EB9B}.Debug|Any CPU.ActiveCfg = Debug|Any CPU
		{90C42A33-64CD-4AE7-95E1-F82D80E4EB9B}.Debug|Any CPU.Build.0 = Debug|Any CPU
		{90C42A33-64CD-4AE7-95E1-F82D80E4EB9B}.Release|Any CPU.ActiveCfg = Release|Any CPU
		{90C42A33-64CD-4AE7-95E1-F82D80E4EB9B}.Release|Any CPU.Build.0 = Release|Any CPU
		{C8A07B18-FAF9-4048-9EDD-AAB89EE1081B}.Debug|Any CPU.ActiveCfg = Debug|Any CPU
		{C8A07B18-FAF9-4048-9EDD-AAB89EE1081B}.Debug|Any CPU.Build.0 = Debug|Any CPU
		{C8A07B18-FAF9-4048-9EDD-AAB89EE1081B}.Release|Any CPU.ActiveCfg = Release|Any CPU
		{C8A07B18-FAF9-4048-9EDD-AAB89EE1081B}.Release|Any CPU.Build.0 = Release|Any CPU
		{E16335F7-28FD-497E-93D9-6332A16483BB}.Debug|Any CPU.ActiveCfg = Debug|Any CPU
		{E16335F7-28FD-497E-93D9-6332A16483BB}.Debug|Any CPU.Build.0 = Debug|Any CPU
		{E16335F7-28FD-497E-93D9-6332A16483BB}.Release|Any CPU.ActiveCfg = Release|Any CPU
		{E16335F7-28FD-497E-93D9-6332A16483BB}.Release|Any CPU.Build.0 = Release|Any CPU
	EndGlobalSection
	GlobalSection(SolutionProperties) = preSolution
		HideSolutionNode = FALSE
	EndGlobalSection
	GlobalSection(ExtensibilityGlobals) = postSolution
		SolutionGuid = {C565F31B-3F4E-4243-9770-5A462EDA6C36}
	EndGlobalSection
EndGlobal
